// !$*UTF8*$!
{
	archiveVersion = 1;
	classes = {
	};
	objectVersion = 77;
	objects = {

/* Begin PBXBuildFile section */
		4258089D2FCF011700EC4817 /* Lottie in Frameworks */ = {isa = PBXBuildFile; productRef = 4258089C2FCF011700EC4817 /* Lottie */; };
		42677F612F772B4700BC08A2 /* FirebaseCore in Frameworks */ = {isa = PBXBuildFile; productRef = 42677F602F772B4700BC08A2 /* FirebaseCore */; };
		42677F632F772B4700BC08A2 /* FirebaseDatabase in Frameworks */ = {isa = PBXBuildFile; productRef = 42677F622F772B4700BC08A2 /* FirebaseDatabase */; };
		42677F702F781F8B00BC08A2 /* FirebaseAuth in Frameworks */ = {isa = PBXBuildFile; productRef = 42677F6F2F781F8B00BC08A2 /* FirebaseAuth */; };
		42677F722F781F9000BC08A2 /* FirebaseFirestore in Frameworks */ = {isa = PBXBuildFile; productRef = 42677F712F781F9000BC08A2 /* FirebaseFirestore */; };
		42677F742F781F9700BC08A2 /* FirebaseStorage in Frameworks */ = {isa = PBXBuildFile; productRef = 42677F732F781F9700BC08A2 /* FirebaseStorage */; };
		42677F772F786ACB00BC08A2 /* GoogleSignIn in Frameworks */ = {isa = PBXBuildFile; productRef = 42677F762F786ACB00BC08A2 /* GoogleSignIn */; };
		42677F792F786ACB00BC08A2 /* GoogleSignInSwift in Frameworks */ = {isa = PBXBuildFile; productRef = 42677F782F786ACB00BC08A2 /* GoogleSignInSwift */; };
		42A11D452FD230E200473A1E /* Mixpanel in Frameworks */ = {isa = PBXBuildFile; productRef = 42A11D442FD230E200473A1E /* Mixpanel */; };
		BB00A3002F4C801C00BC0001 /* L10n-swift in Frameworks */ = {isa = PBXBuildFile; productRef = BB00A2002F4C801C00BC0001 /* L10n-swift */; };
/* End PBXBuildFile section */

/* Begin PBXFileReference section */
		992DECD82F4C801C003CF200 /* Neura.app */ = {isa = PBXFileReference; explicitFileType = wrapper.application; includeInIndex = 0; path = Neura.app; sourceTree = BUILT_PRODUCTS_DIR; };
/* End PBXFileReference section */

/* Begin PBXFileSystemSynchronizedBuildFileExceptionSet section */
		42677F7D2F786DE400BC08A2 /* Exceptions for "Neura" folder in "Neura" target */ = {
			isa = PBXFileSystemSynchronizedBuildFileExceptionSet;
			membershipExceptions = (
				Info.plist,
			);
			target = 992DECD72F4C801C003CF200 /* Neura */;
		};
/* End PBXFileSystemSynchronizedBuildFileExceptionSet section */

/* Begin PBXFileSystemSynchronizedRootGroup section */
		992DECDA2F4C801C003CF200 /* Neura */ = {
			isa = PBXFileSystemSynchronizedRootGroup;
			exceptions = (
				42677F7D2F786DE400BC08A2 /* Exceptions for "Neura" folder in "Neura" target */,
			);
			path = Neura;
			sourceTree = "<group>";
		};
/* End PBXFileSystemSynchronizedRootGroup section */

/* Begin PBXFrameworksBuildPhase section */
		992DECD52F4C801C003CF200 /* Frameworks */ = {
			isa = PBXFrameworksBuildPhase;
			buildActionMask = 2147483647;
			files = (
				42677F632F772B4700BC08A2 /* FirebaseDatabase in Frameworks */,
				42677F722F781F9000BC08A2 /* FirebaseFirestore in Frameworks */,
				4258089D2FCF011700EC4817 /* Lottie in Frameworks */,
				42677F792F786ACB00BC08A2 /* GoogleSignInSwift in Frameworks */,
				42677F702F781F8B00BC08A2 /* FirebaseAuth in Frameworks */,
				42677F742F781F9700BC08A2 /* FirebaseStorage in Frameworks */,
				42A11D452FD230E200473A1E /* Mixpanel in Frameworks */,
				42677F612F772B4700BC08A2 /* FirebaseCore in Frameworks */,
				42677F772F786ACB00BC08A2 /* GoogleSignIn in Frameworks */,
				BB00A3002F4C801C00BC0001 /* L10n-swift in Frameworks */,
			);
			runOnlyForDeploymentPostprocessing = 0;
		};
/* End PBXFrameworksBuildPhase section */

/* Begin PBXGroup section */
		42677F6E2F781F8B00BC08A2 /* Frameworks */ = {
			isa = PBXGroup;
			children = (
			);
			name = Frameworks;
			sourceTree = "<group>";
		};
		992DECCF2F4C801C003CF200 = {
			isa = PBXGroup;
			children = (
				992DECDA2F4C801C003CF200 /* Neura */,
				42677F6E2F781F8B00BC08A2 /* Frameworks */,
				992DECD92F4C801C003CF200 /* Products */,
			);
			sourceTree = "<group>";
		};
		992DECD92F4C801C003CF200 /* Products */ = {
			isa = PBXGroup;
			children = (
				992DECD82F4C801C003CF200 /* Neura.app */,
			);
			name = Products;
			sourceTree = "<group>";
		};
/* End PBXGroup section */

/* Begin PBXNativeTarget section */
		992DECD72F4C801C003CF200 /* Neura */ = {
			isa = PBXNativeTarget;
			buildConfigurationList = 992DECE32F4C801E003CF200 /* Build configuration list for PBXNativeTarget "Neura" */;
			buildPhases = (
				992DECD42F4C801C003CF200 /* Sources */,
				992DECD52F4C801C003CF200 /* Frameworks */,
				992DECD62F4C801C003CF200 /* Resources */,
			);
			buildRules = (
			);
			dependencies = (
			);
			fileSystemSynchronizedGroups = (
				992DECDA2F4C801C003CF200 /* Neura */,
			);
			name = Neura;
			packageProductDependencies = (
				42677F602F772B4700BC08A2 /* FirebaseCore */,
				42677F622F772B4700BC08A2 /* FirebaseDatabase */,
				42677F6F2F781F8B00BC08A2 /* FirebaseAuth */,
				42677F712F781F9000BC08A2 /* FirebaseFirestore */,
				42677F732F781F9700BC08A2 /* FirebaseStorage */,
				42677F762F786ACB00BC08A2 /* GoogleSignIn */,
				42677F782F786ACB00BC08A2 /* GoogleSignInSwift */,
				BB00A2002F4C801C00BC0001 /* L10n-swift */,
				4258089C2FCF011700EC4817 /* Lottie */,
				42A11D442FD230E200473A1E /* Mixpanel */,
			);
			productName = Neura;
			productReference = 992DECD82F4C801C003CF200 /* Neura.app */;
			productType = "com.apple.product-type.application";
		};
/* End PBXNativeTarget section */

/* Begin PBXProject section */
		992DECD02F4C801C003CF200 /* Project object */ = {
			isa = PBXProject;
			attributes = {
				BuildIndependentTargetsInParallel = 1;
				LastSwiftUpdateCheck = 2620;
				LastUpgradeCheck = 2620;
				TargetAttributes = {
					992DECD72F4C801C003CF200 = {
						CreatedOnToolsVersion = 26.2;
					};
				};
			};
			buildConfigurationList = 992DECD32F4C801C003CF200 /* Build configuration list for PBXProject "Neura" */;
			developmentRegion = en;
			hasScannedForEncodings = 0;
			knownRegions = (
				en,
				Base,
				ro,
				ar,
			);
			mainGroup = 992DECCF2F4C801C003CF200;
			minimizedProjectReferenceProxies = 1;
			packageReferences = (
				42677F5F2F772B4700BC08A2 /* XCRemoteSwiftPackageReference "firebase-ios-sdk" */,
				42677F752F786ACB00BC08A2 /* XCRemoteSwiftPackageReference "GoogleSignIn-iOS" */,
				BB00A1002F4C801C00BC0001 /* XCRemoteSwiftPackageReference "L10n-swift" */,
				4258089B2FCF011700EC4817 /* XCRemoteSwiftPackageReference "lottie-ios" */,
				42A11D432FD230E200473A1E /* XCRemoteSwiftPackageReference "mixpanel-swift" */,
			);
			preferredProjectObjectVersion = 77;
			productRefGroup = 992DECD92F4C801C003CF200 /* Products */;
			projectDirPath = "";
			projectRoot = "";
			targets = (
				992DECD72F4C801C003CF200 /* Neura */,
			);
		};
/* End PBXProject section */

/* Begin PBXResourcesBuildPhase section */
		992DECD62F4C801C003CF200 /* Resources */ = {
			isa = PBXResourcesBuildPhase;
			buildActionMask = 2147483647;
			files = (
			);
			runOnlyForDeploymentPostprocessing = 0;
		};
/* End PBXResourcesBuildPhase section */

/* Begin PBXSourcesBuildPhase section */
		992DECD42F4C801C003CF200 /* Sources */ = {
			isa = PBXSourcesBuildPhase;
			buildActionMask = 2147483647;
			files = (
			);
			runOnlyForDeploymentPostprocessing = 0;
		};
/* End PBXSourcesBuildPhase section */

/* Begin XCBuildConfiguration section */
		992DECE12F4C801E003CF200 /* Debug */ = {
			isa = XCBuildConfiguration;
			buildSettings = {
				ALWAYS_SEARCH_USER_PATHS = NO;
				ASSETCATALOG_COMPILER_GENERATE_SWIFT_ASSET_SYMBOL_EXTENSIONS = YES;
				CLANG_ANALYZER_NONNULL = YES;
				CLANG_ANALYZER_NUMBER_OBJECT_CONVERSION = YES_AGGRESSIVE;
				CLANG_CXX_LANGUAGE_STANDARD = "gnu++20";
				CLANG_ENABLE_MODULES = YES;
				CLANG_ENABLE_OBJC_ARC = YES;
				CLANG_ENABLE_OBJC_WEAK = YES;
				CLANG_WARN_BLOCK_CAPTURE_AUTORELEASING = YES;
				CLANG_WARN_BOOL_CONVERSION = YES;
				CLANG_WARN_COMMA = YES;
				CLANG_WARN_CONSTANT_CONVERSION = YES;
				CLANG_WARN_DEPRECATED_OBJC_IMPLEMENTATIONS = YES;
				CLANG_WARN_DIRECT_OBJC_ISA_USAGE = YES_ERROR;
				CLANG_WARN_DOCUMENTATION_COMMENTS = YES;
				CLANG_WARN_EMPTY_BODY = YES;
				CLANG_WARN_ENUM_CONVERSION = YES;
				CLANG_WARN_INFINITE_RECURSION = YES;
				CLANG_WARN_INT_CONVERSION = YES;
				CLANG_WARN_NON_LITERAL_NULL_CONVERSION = YES;
				CLANG_WARN_OBJC_IMPLICIT_RETAIN_SELF = YES;
				CLANG_WARN_OBJC_LITERAL_CONVERSION = YES;
				CLANG_WARN_OBJC_ROOT_CLASS = YES_ERROR;
				CLANG_WARN_QUOTED_INCLUDE_IN_FRAMEWORK_HEADER = YES;
				CLANG_WARN_RANGE_LOOP_ANALYSIS = YES;
				CLANG_WARN_STRICT_PROTOTYPES = YES;
				CLANG_WARN_SUSPICIOUS_MOVE = YES;
				CLANG_WARN_UNGUARDED_AVAILABILITY = YES_AGGRESSIVE;
				CLANG_WARN_UNREACHABLE_CODE = YES;
				CLANG_WARN__DUPLICATE_METHOD_MATCH = YES;
				COPY_PHASE_STRIP = NO;
				DEBUG_INFORMATION_FORMAT = dwarf;
				DEVELOPMENT_TEAM = 5RM7W6J27J;
				ENABLE_STRICT_OBJC_MSGSEND = YES;
				ENABLE_TESTABILITY = YES;
				ENABLE_USER_SCRIPT_SANDBOXING = YES;
				GCC_C_LANGUAGE_STANDARD = gnu17;
				GCC_DYNAMIC_NO_PIC = NO;
				GCC_NO_COMMON_BLOCKS = YES;
				GCC_OPTIMIZATION_LEVEL = 0;
				GCC_PREPROCESSOR_DEFINITIONS = (
					"DEBUG=1",
					"$(inherited)",
				);
				GCC_WARN_64_TO_32_BIT_CONVERSION = YES;
				GCC_WARN_ABOUT_RETURN_TYPE = YES_ERROR;
				GCC_WARN_UNDECLARED_SELECTOR = YES;
				GCC_WARN_UNINITIALIZED_AUTOS = YES_AGGRESSIVE;
				GCC_WARN_UNUSED_FUNCTION = YES;
				GCC_WARN_UNUSED_VARIABLE = YES;
				IPHONEOS_DEPLOYMENT_TARGET = 26.2;
				LOCALIZATION_PREFERS_STRING_CATALOGS = YES;
				MTL_ENABLE_DEBUG_INFO = INCLUDE_SOURCE;
				MTL_FAST_MATH = YES;
				ONLY_ACTIVE_ARCH = YES;
				SDKROOT = iphoneos;
				SWIFT_ACTIVE_COMPILATION_CONDITIONS = "DEBUG $(inherited)";
				SWIFT_OPTIMIZATION_LEVEL = "-Onone";
			};
			name = Debug;
		};
		992DECE22F4C801E003CF200 /* Release */ = {
			isa = XCBuildConfiguration;
			buildSettings = {
				ALWAYS_SEARCH_USER_PATHS = NO;
				ASSETCATALOG_COMPILER_GENERATE_SWIFT_ASSET_SYMBOL_EXTENSIONS = YES;
				CLANG_ANALYZER_NONNULL = YES;
				CLANG_ANALYZER_NUMBER_OBJECT_CONVERSION = YES_AGGRESSIVE;
				CLANG_CXX_LANGUAGE_STANDARD = "gnu++20";
				CLANG_ENABLE_MODULES = YES;
				CLANG_ENABLE_OBJC_ARC = YES;
				CLANG_ENABLE_OBJC_WEAK = YES;
				CLANG_WARN_BLOCK_CAPTURE_AUTORELEASING = YES;
				CLANG_WARN_BOOL_CONVERSION = YES;
				CLANG_WARN_COMMA = YES;
				CLANG_WARN_CONSTANT_CONVERSION = YES;
				CLANG_WARN_DEPRECATED_OBJC_IMPLEMENTATIONS = YES;
				CLANG_WARN_DIRECT_OBJC_ISA_USAGE = YES_ERROR;
				CLANG_WARN_DOCUMENTATION_COMMENTS = YES;
				CLANG_WARN_EMPTY_BODY = YES;
				CLANG_WARN_ENUM_CONVERSION = YES;
				CLANG_WARN_INFINITE_RECURSION = YES;
				CLANG_WARN_INT_CONVERSION = YES;
				CLANG_WARN_NON_LITERAL_NULL_CONVERSION = YES;
				CLANG_WARN_OBJC_IMPLICIT_RETAIN_SELF = YES;
				CLANG_WARN_OBJC_LITERAL_CONVERSION = YES;
				CLANG_WARN_OBJC_ROOT_CLASS = YES_ERROR;
				CLANG_WARN_QUOTED_INCLUDE_IN_FRAMEWORK_HEADER = YES;
				CLANG_WARN_RANGE_LOOP_ANALYSIS = YES;
				CLANG_WARN_STRICT_PROTOTYPES = YES;
				CLANG_WARN_SUSPICIOUS_MOVE = YES;
				CLANG_WARN_UNGUARDED_AVAILABILITY = YES_AGGRESSIVE;
				CLANG_WARN_UNREACHABLE_CODE = YES;
				CLANG_WARN__DUPLICATE_METHOD_MATCH = YES;
				COPY_PHASE_STRIP = NO;
				DEBUG_INFORMATION_FORMAT = "dwarf-with-dsym";
				DEVELOPMENT_TEAM = 5RM7W6J27J;
				ENABLE_NS_ASSERTIONS = NO;
				ENABLE_STRICT_OBJC_MSGSEND = YES;
				ENABLE_USER_SCRIPT_SANDBOXING = YES;
				GCC_C_LANGUAGE_STANDARD = gnu17;
				GCC_NO_COMMON_BLOCKS = YES;
				GCC_WARN_64_TO_32_BIT_CONVERSION = YES;
				GCC_WARN_ABOUT_RETURN_TYPE = YES_ERROR;
				GCC_WARN_UNDECLARED_SELECTOR = YES;
				GCC_WARN_UNINITIALIZED_AUTOS = YES_AGGRESSIVE;
				GCC_WARN_UNUSED_FUNCTION = YES;
				GCC_WARN_UNUSED_VARIABLE = YES;
				IPHONEOS_DEPLOYMENT_TARGET = 26.2;
				LOCALIZATION_PREFERS_STRING_CATALOGS = YES;
				MTL_ENABLE_DEBUG_INFO = NO;
				MTL_FAST_MATH = YES;
				SDKROOT = iphoneos;
				SWIFT_COMPILATION_MODE = wholemodule;
				VALIDATE_PRODUCT = YES;
			};
			name = Release;
		};
		992DECE42F4C801E003CF200 /* Debug */ = {
			isa = XCBuildConfiguration;
			buildSettings = {
				ASSETCATALOG_COMPILER_APPICON_NAME = AppIcon;
				ASSETCATALOG_COMPILER_GLOBAL_ACCENT_COLOR_NAME = AccentColor;
				CODE_SIGN_ENTITLEMENTS = Neura/Neura.entitlements;
				CODE_SIGN_STYLE = Automatic;
				CURRENT_PROJECT_VERSION = 10;
				DEVELOPMENT_TEAM = 7N5DS8U658;
				ENABLE_PREVIEWS = YES;
				GENERATE_INFOPLIST_FILE = YES;
				INFOPLIST_FILE = Neura/Info.plist;
				INFOPLIST_KEY_LSApplicationCategoryType = "public.app-category.healthcare-fitness";
				INFOPLIST_KEY_NSCameraUsageDescription = "Neura needs camera access to scan your medical documents";
				INFOPLIST_KEY_NSFaceIDUsageDescription = "Neura uses Face ID to protect your health profile";
				INFOPLIST_KEY_NSHealthShareUsageDescription = "Neura reads your height, weight, date of birth, and biological sex to pre-fill your health profile. No data leaves your device.";
				INFOPLIST_KEY_UIApplicationSceneManifest_Generation = YES;
				INFOPLIST_KEY_UIApplicationSupportsIndirectInputEvents = YES;
				INFOPLIST_KEY_UILaunchScreen_Generation = YES;
				INFOPLIST_KEY_UISupportedInterfaceOrientations = "UIInterfaceOrientationPortrait UIInterfaceOrientationPortraitUpsideDown";
				INFOPLIST_KEY_UISupportedInterfaceOrientations_iPad = "UIInterfaceOrientationLandscapeLeft UIInterfaceOrientationLandscapeRight UIInterfaceOrientationPortrait UIInterfaceOrientationPortraitUpsideDown";
				LD_RUNPATH_SEARCH_PATHS = (
					"$(inherited)",
					"@executable_path/Frameworks",
				);
				MARKETING_VERSION = 1.0;
				PRODUCT_BUNDLE_IDENTIFIER = com.Neura.health;
				PRODUCT_NAME = "$(TARGET_NAME)";
				STRING_CATALOG_GENERATE_SYMBOLS = YES;
				SUPPORTED_PLATFORMS = "iphoneos iphonesimulator";
				SUPPORTS_MACCATALYST = NO;
				SUPPORTS_MAC_DESIGNED_FOR_IPHONE_IPAD = NO;
				SUPPORTS_XR_DESIGNED_FOR_IPHONE_IPAD = NO;
				SWIFT_APPROACHABLE_CONCURRENCY = YES;
				SWIFT_DEFAULT_ACTOR_ISOLATION = MainActor;
				SWIFT_EMIT_LOC_STRINGS = YES;
				SWIFT_UPCOMING_FEATURE_MEMBER_IMPORT_VISIBILITY = YES;
				SWIFT_VERSION = 5.0;
				TARGETED_DEVICE_FAMILY = 1;
			};
			name = Debug;
		};
		992DECE52F4C801E003CF200 /* Release */ = {
			isa = XCBuildConfiguration;
			buildSettings = {
				ASSETCATALOG_COMPILER_APPICON_NAME = AppIcon;
				ASSETCATALOG_COMPILER_GLOBAL_ACCENT_COLOR_NAME = AccentColor;
				CODE_SIGN_ENTITLEMENTS = Neura/Neura.entitlements;
				CODE_SIGN_STYLE = Automatic;
				CURRENT_PROJECT_VERSION = 10;
				DEVELOPMENT_TEAM = 7N5DS8U658;
				ENABLE_PREVIEWS = YES;
				GENERATE_INFOPLIST_FILE = YES;
				INFOPLIST_FILE = Neura/Info.plist;
				INFOPLIST_KEY_LSApplicationCategoryType = "public.app-category.healthcare-fitness";
				INFOPLIST_KEY_NSCameraUsageDescription = "Neura needs camera access to scan your medical documents";
				INFOPLIST_KEY_NSFaceIDUsageDescription = "Neura uses Face ID to protect your health profile";
				INFOPLIST_KEY_NSHealthShareUsageDescription = "Neura reads your height, weight, date of birth, and biological sex to pre-fill your health profile. No data leaves your device.";
				INFOPLIST_KEY_UIApplicationSceneManifest_Generation = YES;
				INFOPLIST_KEY_UIApplicationSupportsIndirectInputEvents = YES;
				INFOPLIST_KEY_UILaunchScreen_Generation = YES;
				INFOPLIST_KEY_UISupportedInterfaceOrientations = "UIInterfaceOrientationPortrait UIInterfaceOrientationPortraitUpsideDown";
				INFOPLIST_KEY_UISupportedInterfaceOrientations_iPad = "UIInterfaceOrientationLandscapeLeft UIInterfaceOrientationLandscapeRight UIInterfaceOrientationPortrait UIInterfaceOrientationPortraitUpsideDown";
				LD_RUNPATH_SEARCH_PATHS = (
					"$(inherited)",
					"@executable_path/Frameworks",
				);
				MARKETING_VERSION = 1.0;
				PRODUCT_BUNDLE_IDENTIFIER = com.Neura.health;
				PRODUCT_NAME = "$(TARGET_NAME)";
				STRING_CATALOG_GENERATE_SYMBOLS = YES;
				SUPPORTED_PLATFORMS = "iphoneos iphonesimulator";
				SUPPORTS_MACCATALYST = NO;
				SUPPORTS_MAC_DESIGNED_FOR_IPHONE_IPAD = NO;
				SUPPORTS_XR_DESIGNED_FOR_IPHONE_IPAD = NO;
				SWIFT_APPROACHABLE_CONCURRENCY = YES;
				SWIFT_DEFAULT_ACTOR_ISOLATION = MainActor;
				SWIFT_EMIT_LOC_STRINGS = YES;
				SWIFT_UPCOMING_FEATURE_MEMBER_IMPORT_VISIBILITY = YES;
				SWIFT_VERSION = 5.0;
				TARGETED_DEVICE_FAMILY = 1;
			};
			name = Release;
		};
/* End XCBuildConfiguration section */

/* Begin XCConfigurationList section */
		992DECD32F4C801C003CF200 /* Build configuration list for PBXProject "Neura" */ = {
			isa = XCConfigurationList;
			buildConfigurations = (
				992DECE12F4C801E003CF200 /* Debug */,
				992DECE22F4C801E003CF200 /* Release */,
			);
			defaultConfigurationIsVisible = 0;
			defaultConfigurationName = Release;
		};
		992DECE32F4C801E003CF200 /* Build configuration list for PBXNativeTarget "Neura" */ = {
			isa = XCConfigurationList;
			buildConfigurations = (
				992DECE42F4C801E003CF200 /* Debug */,
				992DECE52F4C801E003CF200 /* Release */,
			);
			defaultConfigurationIsVisible = 0;
			defaultConfigurationName = Release;
		};
/* End XCConfigurationList section */

/* Begin XCRemoteSwiftPackageReference section */
		4258089B2FCF011700EC4817 /* XCRemoteSwiftPackageReference "lottie-ios" */ = {
			isa = XCRemoteSwiftPackageReference;
			repositoryURL = "https://github.com/airbnb/lottie-ios";
			requirement = {
				kind = upToNextMajorVersion;
				minimumVersion = 4.6.0;
			};
		};
		42677F5F2F772B4700BC08A2 /* XCRemoteSwiftPackageReference "firebase-ios-sdk" */ = {
			isa = XCRemoteSwiftPackageReference;
			repositoryURL = "https://github.com/firebase/firebase-ios-sdk";
			requirement = {
				kind = upToNextMajorVersion;
				minimumVersion = 12.11.0;
			};
		};
		42677F752F786ACB00BC08A2 /* XCRemoteSwiftPackageReference "GoogleSignIn-iOS" */ = {
			isa = XCRemoteSwiftPackageReference;
			repositoryURL = "https://github.com/google/GoogleSignIn-iOS";
			requirement = {
				kind = upToNextMajorVersion;
				minimumVersion = 9.1.0;
			};
		};
		42A11D432FD230E200473A1E /* XCRemoteSwiftPackageReference "mixpanel-swift" */ = {
			isa = XCRemoteSwiftPackageReference;
			repositoryURL = "https://github.com/mixpanel/mixpanel-swift";
			requirement = {
				kind = upToNextMajorVersion;
				minimumVersion = 6.4.0;
			};
		};
		BB00A1002F4C801C00BC0001 /* XCRemoteSwiftPackageReference "L10n-swift" */ = {
			isa = XCRemoteSwiftPackageReference;
			repositoryURL = "https://github.com/Decybel07/L10n-swift";
			requirement = {
				kind = upToNextMajorVersion;
				minimumVersion = 5.0.0;
			};
		};
/* End XCRemoteSwiftPackageReference section */

/* Begin XCSwiftPackageProductDependency section */
		4258089C2FCF011700EC4817 /* Lottie */ = {
			isa = XCSwiftPackageProductDependency;
			package = 4258089B2FCF011700EC4817 /* XCRemoteSwiftPackageReference "lottie-ios" */;
			productName = Lottie;
		};
		42677F602F772B4700BC08A2 /* FirebaseCore */ = {
			isa = XCSwiftPackageProductDependency;
			package = 42677F5F2F772B4700BC08A2 /* XCRemoteSwiftPackageReference "firebase-ios-sdk" */;
			productName = FirebaseCore;
		};
		42677F622F772B4700BC08A2 /* FirebaseDatabase */ = {
			isa = XCSwiftPackageProductDependency;
			package = 42677F5F2F772B4700BC08A2 /* XCRemoteSwiftPackageReference "firebase-ios-sdk" */;
			productName = FirebaseDatabase;
		};
		42677F6F2F781F8B00BC08A2 /* FirebaseAuth */ = {
			isa = XCSwiftPackageProductDependency;
			package = 42677F5F2F772B4700BC08A2 /* XCRemoteSwiftPackageReference "firebase-ios-sdk" */;
			productName = FirebaseAuth;
		};
		42677F712F781F9000BC08A2 /* FirebaseFirestore */ = {
			isa = XCSwiftPackageProductDependency;
			package = 42677F5F2F772B4700BC08A2 /* XCRemoteSwiftPackageReference "firebase-ios-sdk" */;
			productName = FirebaseFirestore;
		};
		42677F732F781F9700BC08A2 /* FirebaseStorage */ = {
			isa = XCSwiftPackageProductDependency;
			package = 42677F5F2F772B4700BC08A2 /* XCRemoteSwiftPackageReference "firebase-ios-sdk" */;
			productName = FirebaseStorage;
		};
		42677F762F786ACB00BC08A2 /* GoogleSignIn */ = {
			isa = XCSwiftPackageProductDependency;
			package = 42677F752F786ACB00BC08A2 /* XCRemoteSwiftPackageReference "GoogleSignIn-iOS" */;
			productName = GoogleSignIn;
		};
		42677F782F786ACB00BC08A2 /* GoogleSignInSwift */ = {
			isa = XCSwiftPackageProductDependency;
			package = 42677F752F786ACB00BC08A2 /* XCRemoteSwiftPackageReference "GoogleSignIn-iOS" */;
			productName = GoogleSignInSwift;
		};
		42A11D442FD230E200473A1E /* Mixpanel */ = {
			isa = XCSwiftPackageProductDependency;
			package = 42A11D432FD230E200473A1E /* XCRemoteSwiftPackageReference "mixpanel-swift" */;
			productName = Mixpanel;
		};
		BB00A2002F4C801C00BC0001 /* L10n-swift */ = {
			isa = XCSwiftPackageProductDependency;
			package = BB00A1002F4C801C00BC0001 /* XCRemoteSwiftPackageReference "L10n-swift" */;
			productName = "L10n-swift";
		};
/* End XCSwiftPackageProductDependency section */
	};
	rootObject = 992DECD02F4C801C003CF200 /* Project object */;
}
